
Microsoft Visual Studio Solution File, Format Version 12.00
# Visual Studio Version 17
VisualStudioVersion = 17.10.35027.167
MinimumVisualStudioVersion = 10.0.40219.1
Project("{2150E333-8FDC-42A3-9474-1A3956D46DE8}") = "Microservices", "Microservices", "{8A1FAAFD-6EF5-4E7C-9824-DD4900B31AC8}"
EndProject
Project("{2150E333-8FDC-42A3-9474-1A3956D46DE8}") = "FrontEnd", "FrontEnd", "{01FA47C8-BE11-4F2A-8C5D-F18648419E9A}"
EndProject
Project("{2150E333-8FDC-42A3-9474-1A3956D46DE8}") = "Tests", "Tests", "{886C6DA4-C459-493B-BFD3-60CCCD4AE77C}"
EndProject
Project("{2150E333-8FDC-42A3-9474-1A3956D46DE8}") = "ProductsQuery", "ProductsQuery", "{4C0DA14F-BAD8-4BCE-A711-A443CE07A35E}"
EndProject
Project("{2150E333-8FDC-42A3-9474-1A3956D46DE8}") = "ProductsCommand", "ProductsCommand", "{42FAF6DD-F095-476D-B0BC-80850BC338EB}"
EndProject
Project("{FAE04EC0-301F-11D3-BF4B-00C04F79EFBC}") = "ProductsQuery.Core", "src\ProductsQuery.Core\ProductsQuery.Core.csproj", "{D8820386-1177-4C50-8D40-FD4FCDA2109D}"
EndProject
Project("{FAE04EC0-301F-11D3-BF4B-00C04F79EFBC}") = "ProductsQuery.Repositories", "src\ProductsQuery.Repositories\ProductsQuery.Repositories.csproj", "{DBCFC296-DB4A-4C4A-8490-BFDD1A74FCB4}"
EndProject
Project("{FAE04EC0-301F-11D3-BF4B-00C04F79EFBC}") = "ProductsQuery.BusinessObjects", "src\ProductsQuery.BusinessObjects\ProductsQuery.BusinessObjects.csproj", "{3885108F-DEE4-4C7A-8466-42EC2445DC02}"
EndProject
Project("{FAE04EC0-301F-11D3-BF4B-00C04F79EFBC}") = "ProductsQuery.Entities", "src\ProductsQuery.Entities\ProductsQuery.Entities.csproj", "{D565A45E-3598-421B-A8D2-56B80BA3E9FA}"
EndProject
Project("{FAE04EC0-301F-11D3-BF4B-00C04F79EFBC}") = "ProductsQuery.WebApi", "src\ProductsQuery.WebApi\ProductsQuery.WebApi.csproj", "{49426F52-3580-498C-972E-D1FC5FBC6816}"
EndProject
Project("{FAE04EC0-301F-11D3-BF4B-00C04F79EFBC}") = "ProductsCommand.Entities", "src\ProductsCommand.Entities\ProductsCommand.Entities.csproj", "{EA78FE58-DC24-46A7-BDFD-B547480A0F9E}"
EndProject
Project("{FAE04EC0-301F-11D3-BF4B-00C04F79EFBC}") = "ProductsCommand.BusinessObjects", "src\ProductsCommand.BusinessObjects\ProductsCommand.BusinessObjects.csproj", "{241B01A5-D988-43A2-A579-6EE6B209886F}"
EndProject
Project("{FAE04EC0-301F-11D3-BF4B-00C04F79EFBC}") = "ProductsCommand.Core", "src\ProductsCommand.Core\ProductsCommand.Core.csproj", "{3E334E0C-EF98-42AC-ADE8-DCF48FB67ADE}"
EndProject
Project("{FAE04EC0-301F-11D3-BF4B-00C04F79EFBC}") = "ProductsCommand.Repositories", "src\ProductsCommand.Repositories\ProductsCommand.Repositories.csproj", "{A29B54F7-E902-4F70-9161-D05195C93ABE}"
EndProject
Project("{FAE04EC0-301F-11D3-BF4B-00C04F79EFBC}") = "ProductsCommand.WebApi", "src\ProductsCommand.WebApi\ProductsCommand.WebApi.csproj", "{B6543A4A-2DD8-4A3F-B442-21FEB16E7937}"
EndProject
Project("{FAE04EC0-301F-11D3-BF4B-00C04F79EFBC}") = "ProductsQuery.Core.Tests", "tests\ProductsQuery.Core.Tests\ProductsQuery.Core.Tests.csproj", "{1AF0A1F3-81F0-4607-8273-7DF8B0911FFE}"
EndProject
Project("{FAE04EC0-301F-11D3-BF4B-00C04F79EFBC}") = "ProductsCommand.Core.Tests", "tests\ProductsCommand.Core.Tests\ProductsCommand.Core.Tests.csproj", "{FEE3E3E8-0804-4078-BA88-FAA3EA91B9C0}"
EndProject
Project("{2150E333-8FDC-42A3-9474-1A3956D46DE8}") = "UserQuery", "UserQuery", "{254B3F04-BC76-4C2A-9DED-9E2A983479F2}"
EndProject
Project("{2150E333-8FDC-42A3-9474-1A3956D46DE8}") = "UserCommand", "UserCommand", "{56D9040B-87EE-481D-AC55-E9DDE5315B0E}"
EndProject
Project("{FAE04EC0-301F-11D3-BF4B-00C04F79EFBC}") = "UserQuery.Core", "src\UserQuery.Core\UserQuery.Core.csproj", "{7821767E-94F8-47BF-9E4A-8FA481ED35B6}"
EndProject
Project("{FAE04EC0-301F-11D3-BF4B-00C04F79EFBC}") = "UserQuery.Repositories", "src\UserQuery.Repositories\UserQuery.Repositories.csproj", "{8286303F-4EC6-4D0C-9A55-91090AC39A24}"
EndProject
Project("{FAE04EC0-301F-11D3-BF4B-00C04F79EFBC}") = "UserQuery.WebApi", "src\UserQuery.WebApi\UserQuery.WebApi.csproj", "{FA9B5800-DF3F-4E02-B869-790485CC7A0E}"
EndProject
Project("{FAE04EC0-301F-11D3-BF4B-00C04F79EFBC}") = "UserQuery.BusinessObjects", "src\UserQuery.BusinessObjects\UserQuery.BusinessObjects.csproj", "{3C03E086-CF4D-4482-934F-82D6D1F82AFE}"
EndProject
Project("{FAE04EC0-301F-11D3-BF4B-00C04F79EFBC}") = "UserQuery.Entities", "src\UserQuery.Entities\UserQuery.Entities.csproj", "{E3C5C11E-B829-4E3B-80CA-CABD489B7088}"
EndProject
Project("{FAE04EC0-301F-11D3-BF4B-00C04F79EFBC}") = "UserCommand.BusinessObjects", "src\UserCommand.BusinessObjects\UserCommand.BusinessObjects.csproj", "{2986FF1E-0A47-49F4-BCED-DEF2ED17FEF6}"
EndProject
Project("{FAE04EC0-301F-11D3-BF4B-00C04F79EFBC}") = "UserCommand.Repositories", "src\UserCommand.Repositories\UserCommand.Repositories.csproj", "{159A5EED-73AD-4640-98C4-51D0CFA3BC21}"
EndProject
Project("{FAE04EC0-301F-11D3-BF4B-00C04F79EFBC}") = "UserCommand.Core", "src\UserCommand.Core\UserCommand.Core.csproj", "{BD27F613-8E06-4AE0-AF9D-9FF8D1F81219}"
EndProject
Project("{FAE04EC0-301F-11D3-BF4B-00C04F79EFBC}") = "UserCommand.Entities", "src\UserCommand.Entities\UserCommand.Entities.csproj", "{9F08F5B7-0E1A-40C1-8A78-1E274536C6C2}"
EndProject
Project("{FAE04EC0-301F-11D3-BF4B-00C04F79EFBC}") = "UserCommand.WebApi", "src\UserCommand.WebApi\UserCommand.WebApi.csproj", "{07361BE8-61F9-4DDB-8313-E4CDF59DF9FD}"
EndProject
Global
	GlobalSection(SolutionConfigurationPlatforms) = preSolution
		Debug|Any CPU = Debug|Any CPU
		Release|Any CPU = Release|Any CPU
	EndGlobalSection
	GlobalSection(ProjectConfigurationPlatforms) = postSolution
		{D8820386-1177-4C50-8D40-FD4FCDA2109D}.Debug|Any CPU.ActiveCfg = Debug|Any CPU
		{D8820386-1177-4C50-8D40-FD4FCDA2109D}.Debug|Any CPU.Build.0 = Debug|Any CPU
		{D8820386-1177-4C50-8D40-FD4FCDA2109D}.Release|Any CPU.ActiveCfg = Release|Any CPU
		{D8820386-1177-4C50-8D40-FD4FCDA2109D}.Release|Any CPU.Build.0 = Release|Any CPU
		{DBCFC296-DB4A-4C4A-8490-BFDD1A74FCB4}.Debug|Any CPU.ActiveCfg = Debug|Any CPU
		{DBCFC296-DB4A-4C4A-8490-BFDD1A74FCB4}.Debug|Any CPU.Build.0 = Debug|Any CPU
		{DBCFC296-DB4A-4C4A-8490-BFDD1A74FCB4}.Release|Any CPU.ActiveCfg = Release|Any CPU
		{DBCFC296-DB4A-4C4A-8490-BFDD1A74FCB4}.Release|Any CPU.Build.0 = Release|Any CPU
		{3885108F-DEE4-4C7A-8466-42EC2445DC02}.Debug|Any CPU.ActiveCfg = Debug|Any CPU
		{3885108F-DEE4-4C7A-8466-42EC2445DC02}.Debug|Any CPU.Build.0 = Debug|Any CPU
		{3885108F-DEE4-4C7A-8466-42EC2445DC02}.Release|Any CPU.ActiveCfg = Release|Any CPU
		{3885108F-DEE4-4C7A-8466-42EC2445DC02}.Release|Any CPU.Build.0 = Release|Any CPU
		{D565A45E-3598-421B-A8D2-56B80BA3E9FA}.Debug|Any CPU.ActiveCfg = Debug|Any CPU
		{D565A45E-3598-421B-A8D2-56B80BA3E9FA}.Debug|Any CPU.Build.0 = Debug|Any CPU
		{D565A45E-3598-421B-A8D2-56B80BA3E9FA}.Release|Any CPU.ActiveCfg = Release|Any CPU
		{D565A45E-3598-421B-A8D2-56B80BA3E9FA}.Release|Any CPU.Build.0 = Release|Any CPU
		{49426F52-3580-498C-972E-D1FC5FBC6816}.Debug|Any CPU.ActiveCfg = Debug|Any CPU
		{49426F52-3580-498C-972E-D1FC5FBC6816}.Debug|Any CPU.Build.0 = Debug|Any CPU
		{49426F52-3580-498C-972E-D1FC5FBC6816}.Release|Any CPU.ActiveCfg = Release|Any CPU
		{49426F52-3580-498C-972E-D1FC5FBC6816}.Release|Any CPU.Build.0 = Release|Any CPU
		{EA78FE58-DC24-46A7-BDFD-B547480A0F9E}.Debug|Any CPU.ActiveCfg = Debug|Any CPU
		{EA78FE58-DC24-46A7-BDFD-B547480A0F9E}.Debug|Any CPU.Build.0 = Debug|Any CPU
		{EA78FE58-DC24-46A7-BDFD-B547480A0F9E}.Release|Any CPU.ActiveCfg = Release|Any CPU
		{EA78FE58-DC24-46A7-BDFD-B547480A0F9E}.Release|Any CPU.Build.0 = Release|Any CPU
		{241B01A5-D988-43A2-A579-6EE6B209886F}.Debug|Any CPU.ActiveCfg = Debug|Any CPU
		{241B01A5-D988-43A2-A579-6EE6B209886F}.Debug|Any CPU.Build.0 = Debug|Any CPU
		{241B01A5-D988-43A2-A579-6EE6B209886F}.Release|Any CPU.ActiveCfg = Release|Any CPU
		{241B01A5-D988-43A2-A579-6EE6B209886F}.Release|Any CPU.Build.0 = Release|Any CPU
		{3E334E0C-EF98-42AC-ADE8-DCF48FB67ADE}.Debug|Any CPU.ActiveCfg = Debug|Any CPU
		{3E334E0C-EF98-42AC-ADE8-DCF48FB67ADE}.Debug|Any CPU.Build.0 = Debug|Any CPU
		{3E334E0C-EF98-42AC-ADE8-DCF48FB67ADE}.Release|Any CPU.ActiveCfg = Release|Any CPU
		{3E334E0C-EF98-42AC-ADE8-DCF48FB67ADE}.Release|Any CPU.Build.0 = Release|Any CPU
		{A29B54F7-E902-4F70-9161-D05195C93ABE}.Debug|Any CPU.ActiveCfg = Debug|Any CPU
		{A29B54F7-E902-4F70-9161-D05195C93ABE}.Debug|Any CPU.Build.0 = Debug|Any CPU
		{A29B54F7-E902-4F70-9161-D05195C93ABE}.Release|Any CPU.ActiveCfg = Release|Any CPU
		{A29B54F7-E902-4F70-9161-D05195C93ABE}.Release|Any CPU.Build.0 = Release|Any CPU
		{B6543A4A-2DD8-4A3F-B442-21FEB16E7937}.Debug|Any CPU.ActiveCfg = Debug|Any CPU
		{B6543A4A-2DD8-4A3F-B442-21FEB16E7937}.Debug|Any CPU.Build.0 = Debug|Any CPU
		{B6543A4A-2DD8-4A3F-B442-21FEB16E7937}.Release|Any CPU.ActiveCfg = Release|Any CPU
		{B6543A4A-2DD8-4A3F-B442-21FEB16E7937}.Release|Any CPU.Build.0 = Release|Any CPU
		{1AF0A1F3-81F0-4607-8273-7DF8B0911FFE}.Debug|Any CPU.ActiveCfg = Debug|Any CPU
		{1AF0A1F3-81F0-4607-8273-7DF8B0911FFE}.Debug|Any CPU.Build.0 = Debug|Any CPU
		{1AF0A1F3-81F0-4607-8273-7DF8B0911FFE}.Release|Any CPU.ActiveCfg = Release|Any CPU
		{1AF0A1F3-81F0-4607-8273-7DF8B0911FFE}.Release|Any CPU.Build.0 = Release|Any CPU
		{FEE3E3E8-0804-4078-BA88-FAA3EA91B9C0}.Debug|Any CPU.ActiveCfg = Debug|Any CPU
		{FEE3E3E8-0804-4078-BA88-FAA3EA91B9C0}.Debug|Any CPU.Build.0 = Debug|Any CPU
		{FEE3E3E8-0804-4078-BA88-FAA3EA91B9C0}.Release|Any CPU.ActiveCfg = Release|Any CPU
		{FEE3E3E8-0804-4078-BA88-FAA3EA91B9C0}.Release|Any CPU.Build.0 = Release|Any CPU
		{7821767E-94F8-47BF-9E4A-8FA481ED35B6}.Debug|Any CPU.ActiveCfg = Debug|Any CPU
		{7821767E-94F8-47BF-9E4A-8FA481ED35B6}.Debug|Any CPU.Build.0 = Debug|Any CPU
		{7821767E-94F8-47BF-9E4A-8FA481ED35B6}.Release|Any CPU.ActiveCfg = Release|Any CPU
		{7821767E-94F8-47BF-9E4A-8FA481ED35B6}.Release|Any CPU.Build.0 = Release|Any CPU
		{8286303F-4EC6-4D0C-9A55-91090AC39A24}.Debug|Any CPU.ActiveCfg = Debug|Any CPU
		{8286303F-4EC6-4D0C-9A55-91090AC39A24}.Debug|Any CPU.Build.0 = Debug|Any CPU
		{8286303F-4EC6-4D0C-9A55-91090AC39A24}.Release|Any CPU.ActiveCfg = Release|Any CPU
		{8286303F-4EC6-4D0C-9A55-91090AC39A24}.Release|Any CPU.Build.0 = Release|Any CPU
		{FA9B5800-DF3F-4E02-B869-790485CC7A0E}.Debug|Any CPU.ActiveCfg = Debug|Any CPU
		{FA9B5800-DF3F-4E02-B869-790485CC7A0E}.Debug|Any CPU.Build.0 = Debug|Any CPU
		{FA9B5800-DF3F-4E02-B869-790485CC7A0E}.Release|Any CPU.ActiveCfg = Release|Any CPU
		{FA9B5800-DF3F-4E02-B869-790485CC7A0E}.Release|Any CPU.Build.0 = Release|Any CPU
		{3C03E086-CF4D-4482-934F-82D6D1F82AFE}.Debug|Any CPU.ActiveCfg = Debug|Any CPU
		{3C03E086-CF4D-4482-934F-82D6D1F82AFE}.Debug|Any CPU.Build.0 = Debug|Any CPU
		{3C03E086-CF4D-4482-934F-82D6D1F82AFE}.Release|Any CPU.ActiveCfg = Release|Any CPU
		{3C03E086-CF4D-4482-934F-82D6D1F82AFE}.Release|Any CPU.Build.0 = Release|Any CPU
		{E3C5C11E-B829-4E3B-80CA-CABD489B7088}.Debug|Any CPU.ActiveCfg = Debug|Any CPU
		{E3C5C11E-B829-4E3B-80CA-CABD489B7088}.Debug|Any CPU.Build.0 = Debug|Any CPU
		{E3C5C11E-B829-4E3B-80CA-CABD489B7088}.Release|Any CPU.ActiveCfg = Release|Any CPU
		{E3C5C11E-B829-4E3B-80CA-CABD489B7088}.Release|Any CPU.Build.0 = Release|Any CPU
		{2986FF1E-0A47-49F4-BCED-DEF2ED17FEF6}.Debug|Any CPU.ActiveCfg = Debug|Any CPU
		{2986FF1E-0A47-49F4-BCED-DEF2ED17FEF6}.Debug|Any CPU.Build.0 = Debug|Any CPU
		{2986FF1E-0A47-49F4-BCED-DEF2ED17FEF6}.Release|Any CPU.ActiveCfg = Release|Any CPU
		{2986FF1E-0A47-49F4-BCED-DEF2ED17FEF6}.Release|Any CPU.Build.0 = Release|Any CPU
		{159A5EED-73AD-4640-98C4-51D0CFA3BC21}.Debug|Any CPU.ActiveCfg = Debug|Any CPU
		{159A5EED-73AD-4640-98C4-51D0CFA3BC21}.Debug|Any CPU.Build.0 = Debug|Any CPU
		{159A5EED-73AD-4640-98C4-51D0CFA3BC21}.Release|Any CPU.ActiveCfg = Release|Any CPU
		{159A5EED-73AD-4640-98C4-51D0CFA3BC21}.Release|Any CPU.Build.0 = Release|Any CPU
		{BD27F613-8E06-4AE0-AF9D-9FF8D1F81219}.Debug|Any CPU.ActiveCfg = Debug|Any CPU
		{BD27F613-8E06-4AE0-AF9D-9FF8D1F81219}.Debug|Any CPU.Build.0 = Debug|Any CPU
		{BD27F613-8E06-4AE0-AF9D-9FF8D1F81219}.Release|Any CPU.ActiveCfg = Release|Any CPU
		{BD27F613-8E06-4AE0-AF9D-9FF8D1F81219}.Release|Any CPU.Build.0 = Release|Any CPU
		{9F08F5B7-0E1A-40C1-8A78-1E274536C6C2}.Debug|Any CPU.ActiveCfg = Debug|Any CPU
		{9F08F5B7-0E1A-40C1-8A78-1E274536C6C2}.Debug|Any CPU.Build.0 = Debug|Any CPU
		{9F08F5B7-0E1A-40C1-8A78-1E274536C6C2}.Release|Any CPU.ActiveCfg = Release|Any CPU
		{9F08F5B7-0E1A-40C1-8A78-1E274536C6C2}.Release|Any CPU.Build.0 = Release|Any CPU
		{07361BE8-61F9-4DDB-8313-E4CDF59DF9FD}.Debug|Any CPU.ActiveCfg = Debug|Any CPU
		{07361BE8-61F9-4DDB-8313-E4CDF59DF9FD}.Debug|Any CPU.Build.0 = Debug|Any CPU
		{07361BE8-61F9-4DDB-8313-E4CDF59DF9FD}.Release|Any CPU.ActiveCfg = Release|Any CPU
		{07361BE8-61F9-4DDB-8313-E4CDF59DF9FD}.Release|Any CPU.Build.0 = Release|Any CPU
	EndGlobalSection
	GlobalSection(SolutionProperties) = preSolution
		HideSolutionNode = FALSE
	EndGlobalSection
	GlobalSection(NestedProjects) = preSolution
		{4C0DA14F-BAD8-4BCE-A711-A443CE07A35E} = {8A1FAAFD-6EF5-4E7C-9824-DD4900B31AC8}
		{42FAF6DD-F095-476D-B0BC-80850BC338EB} = {8A1FAAFD-6EF5-4E7C-9824-DD4900B31AC8}
		{D8820386-1177-4C50-8D40-FD4FCDA2109D} = {4C0DA14F-BAD8-4BCE-A711-A443CE07A35E}
		{DBCFC296-DB4A-4C4A-8490-BFDD1A74FCB4} = {4C0DA14F-BAD8-4BCE-A711-A443CE07A35E}
		{3885108F-DEE4-4C7A-8466-42EC2445DC02} = {4C0DA14F-BAD8-4BCE-A711-A443CE07A35E}
		{D565A45E-3598-421B-A8D2-56B80BA3E9FA} = {4C0DA14F-BAD8-4BCE-A711-A443CE07A35E}
		{49426F52-3580-498C-972E-D1FC5FBC6816} = {4C0DA14F-BAD8-4BCE-A711-A443CE07A35E}
		{EA78FE58-DC24-46A7-BDFD-B547480A0F9E} = {42FAF6DD-F095-476D-B0BC-80850BC338EB}
		{241B01A5-D988-43A2-A579-6EE6B209886F} = {42FAF6DD-F095-476D-B0BC-80850BC338EB}
		{3E334E0C-EF98-42AC-ADE8-DCF48FB67ADE} = {42FAF6DD-F095-476D-B0BC-80850BC338EB}
		{A29B54F7-E902-4F70-9161-D05195C93ABE} = {42FAF6DD-F095-476D-B0BC-80850BC338EB}
		{B6543A4A-2DD8-4A3F-B442-21FEB16E7937} = {42FAF6DD-F095-476D-B0BC-80850BC338EB}
		{1AF0A1F3-81F0-4607-8273-7DF8B0911FFE} = {886C6DA4-C459-493B-BFD3-60CCCD4AE77C}
		{FEE3E3E8-0804-4078-BA88-FAA3EA91B9C0} = {886C6DA4-C459-493B-BFD3-60CCCD4AE77C}
		{254B3F04-BC76-4C2A-9DED-9E2A983479F2} = {8A1FAAFD-6EF5-4E7C-9824-DD4900B31AC8}
		{56D9040B-87EE-481D-AC55-E9DDE5315B0E} = {8A1FAAFD-6EF5-4E7C-9824-DD4900B31AC8}
		{7821767E-94F8-47BF-9E4A-8FA481ED35B6} = {254B3F04-BC76-4C2A-9DED-9E2A983479F2}
		{8286303F-4EC6-4D0C-9A55-91090AC39A24} = {254B3F04-BC76-4C2A-9DED-9E2A983479F2}
		{FA9B5800-DF3F-4E02-B869-790485CC7A0E} = {254B3F04-BC76-4C2A-9DED-9E2A983479F2}
		{3C03E086-CF4D-4482-934F-82D6D1F82AFE} = {254B3F04-BC76-4C2A-9DED-9E2A983479F2}
		{E3C5C11E-B829-4E3B-80CA-CABD489B7088} = {254B3F04-BC76-4C2A-9DED-9E2A983479F2}
		{2986FF1E-0A47-49F4-BCED-DEF2ED17FEF6} = {56D9040B-87EE-481D-AC55-E9DDE5315B0E}
		{159A5EED-73AD-4640-98C4-51D0CFA3BC21} = {56D9040B-87EE-481D-AC55-E9DDE5315B0E}
		{BD27F613-8E06-4AE0-AF9D-9FF8D1F81219} = {56D9040B-87EE-481D-AC55-E9DDE5315B0E}
		{9F08F5B7-0E1A-40C1-8A78-1E274536C6C2} = {56D9040B-87EE-481D-AC55-E9DDE5315B0E}
		{07361BE8-61F9-4DDB-8313-E4CDF59DF9FD} = {56D9040B-87EE-481D-AC55-E9DDE5315B0E}
	EndGlobalSection
	GlobalSection(ExtensibilityGlobals) = postSolution
		SolutionGuid = {031E4207-144D-4041-9C01-EBC1A263F95B}
	EndGlobalSection
EndGlobal
